
Microsoft Visual Studio Solution File, Format Version 12.00
# Visual Studio Version 17
VisualStudioVersion = 17.10.35013.160
MinimumVisualStudioVersion = 10.0.40219.1
Project("{FAE04EC0-301F-11D3-BF4B-00C04F79EFBC}") = "FolderSync", "FolderSync.csproj", "{1CD2C638-DB8C-42DC-9FC8-09AA15789494}"
EndProject
Global
	GlobalSection(SolutionConfigurationPlatforms) = preSolution
		Debug|Any CPU = Debug|Any CPU
		Release|Any CPU = Release|Any CPU
	EndGlobalSection
	GlobalSection(ProjectConfigurationPlatforms) = postSolution
		{1CD2C638-DB8C-42DC-9FC8-09AA15789494}.Debug|Any CPU.ActiveCfg = Debug|Any CPU
		{1CD2C638-DB8C-42DC-9FC8-09AA15789494}.Debug|Any CPU.Build.0 = Debug|Any CPU
		{1CD2C638-DB8C-42DC-9FC8-09AA15789494}.Release|Any CPU.ActiveCfg = Release|Any CPU
		{1CD2C638-DB8C-42DC-9FC8-09AA15789494}.Release|Any CPU.Build.0 = Release|Any CPU
	EndGlobalSection
	GlobalSection(SolutionProperties) = preSolution
		HideSolutionNode = FALSE
	EndGlobalSection
	GlobalSection(ExtensibilityGlobals) = postSolution
		SolutionGuid = {06F2DF31-A50B-49A5-8980-08071D2DBBE1}
	EndGlobalSection
EndGlobal
